PODS:
  - BSBacktraceLogger (0.0.1)
  - CocoaLumberjack (3.5.3):
    - CocoaLumberjack/Core (= 3.5.3)
  - CocoaLumberjack/Core (3.5.3)
  - DoraemonKit/Core (1.2.1):
    - BSBacktraceLogger
    - fishhook
    - PNChart
  - DoraemonKit/WithGPS (1.2.1):
    - BSBacktraceLogger
    - DoraemonKit/Core
    - fishhook
    - PNChart
  - DoraemonKit/WithLogger (1.2.1):
    - BSBacktraceLogger
    - CocoaLumberjack
    - DoraemonKit/Core
    - fishhook
    - PNChart
  - fishhook (0.2)
  - GPUImage (0.1.7)
  - Masonry (1.1.0)
  - MJExtension (3.0.17)
  - PNChart (0.8.9):
    - UICountingLabel (~> 1.2.0)
  - UICountingLabel (1.2.0)

DEPENDENCIES:
  - CocoaLumberjack
  - DoraemonKit/Core (~> 1.2.1)
  - DoraemonKit/WithGPS (~> 1.2.1)
  - DoraemonKit/WithLogger (~> 1.2.1)
  - GPUImage
  - Masonry
  - MJExtension

SPEC REPOS:
  https://github.com/cocoapods/specs.git:
    - BSBacktraceLogger
    - CocoaLumberjack
    - DoraemonKit
    - fishhook
    - GPUImage
    - Masonry
    - MJExtension
    - PNChart
    - UICountingLabel

SPEC CHECKSUMS:
  BSBacktraceLogger: 06b983ee93a9f87d957960e9c73d660d5966b447
  CocoaLumberjack: 2f44e60eb91c176d471fdba43b9e3eae6a721947
  DoraemonKit: 2d0d3bf18a5181f750d5bfead5030403ba3fbb2e
  fishhook: ea19933abfe8f2f52c55fd8b6e2718467d3ebc89
  GPUImage: 733a5f0fab92df9de1c37ba9df520a833ccb406d
  Masonry: 678fab65091a9290e40e2832a55e7ab731aad201
  MJExtension: 74ec83124a68891619fb7ba9c5c811bbf1691076
  PNChart: 84774d225c2126ded6c93d4dbe6ae98c3a73c2d2
  UICountingLabel: 1db4e7d023e1762171eb226d6dff47a7a84f27aa

PODFILE CHECKSUM: fe264c327bf3f2f4a19c4dc99156dfb179f8a3d5

COCOAPODS: 1.5.3
