// !$*UTF8*$!
{
	archiveVersion = 1;
	classes = {
	};
	objectVersion = 50;
	objects = {

/* Begin PBXBuildFile section */
		63F2652DFD047186F79E9B36 /* libPods-GPUImageDemoTests.a in Frameworks */ = {isa = PBXBuildFile; fileRef = D5911DF9EB61AFB8BC37E42C /* libPods-GPUImageDemoTests.a */; };
		A53B6955BF51F62525546667 /* libPods-GPUImageDemoUITests.a in Frameworks */ = {isa = PBXBuildFile; fileRef = 243EFCECEFA2B34D5B597878 /* libPods-GPUImageDemoUITests.a */; };
		B65F114222D47B32007D6A05 /* FilterListCell.m in Sources */ = {isa = PBXBuildFile; fileRef = B65F114122D47B32007D6A05 /* FilterListCell.m */; };
		B65F114522D4890E007D6A05 /* FilterListItem.m in Sources */ = {isa = PBXBuildFile; fileRef = B65F114422D4890E007D6A05 /* FilterListItem.m */; };
		B65F114922D48D3D007D6A05 /* ShowViewController.m in Sources */ = {isa = PBXBuildFile; fileRef = B65F114822D48D3D007D6A05 /* ShowViewController.m */; };
		B672A92622D42BDC0046BBFD /* AppDelegate.m in Sources */ = {isa = PBXBuildFile; fileRef = B672A92522D42BDC0046BBFD /* AppDelegate.m */; };
		B672A92C22D42BDC0046BBFD /* Main.storyboard in Resources */ = {isa = PBXBuildFile; fileRef = B672A92A22D42BDC0046BBFD /* Main.storyboard */; };
		B672A92E22D42BE10046BBFD /* Assets.xcassets in Resources */ = {isa = PBXBuildFile; fileRef = B672A92D22D42BE10046BBFD /* Assets.xcassets */; };
		B672A93122D42BE10046BBFD /* LaunchScreen.storyboard in Resources */ = {isa = PBXBuildFile; fileRef = B672A92F22D42BE10046BBFD /* LaunchScreen.storyboard */; };
		B672A93422D42BE10046BBFD /* main.m in Sources */ = {isa = PBXBuildFile; fileRef = B672A93322D42BE10046BBFD /* main.m */; };
		B672A93E22D42BE10046BBFD /* GPUImageDemoTests.m in Sources */ = {isa = PBXBuildFile; fileRef = B672A93D22D42BE10046BBFD /* GPUImageDemoTests.m */; };
		B672A94922D42BE10046BBFD /* GPUImageDemoUITests.m in Sources */ = {isa = PBXBuildFile; fileRef = B672A94822D42BE10046BBFD /* GPUImageDemoUITests.m */; };
		B672A95F22D436110046BBFD /* MainViewController.m in Sources */ = {isa = PBXBuildFile; fileRef = B672A95E22D436110046BBFD /* MainViewController.m */; };
		B672A97B22D469E20046BBFD /* FilterListViewController.m in Sources */ = {isa = PBXBuildFile; fileRef = B672A97622D469E20046BBFD /* FilterListViewController.m */; };
		B672A98022D46DEE0046BBFD /* FetchCategoryFiltersTool.m in Sources */ = {isa = PBXBuildFile; fileRef = B672A97F22D46DEE0046BBFD /* FetchCategoryFiltersTool.m */; };
		B68F0AE222D572CA00675239 /* ShowViewController+UI.m in Sources */ = {isa = PBXBuildFile; fileRef = B68F0AE122D572CA00675239 /* ShowViewController+UI.m */; };
		D2DBF37545DDF9CABAACDC70 /* libPods-GPUImageDemo.a in Frameworks */ = {isa = PBXBuildFile; fileRef = 74E4BB2D080C885737A04108 /* libPods-GPUImageDemo.a */; };
/* End PBXBuildFile section */

/* Begin PBXContainerItemProxy section */
		B672A93A22D42BE10046BBFD /* PBXContainerItemProxy */ = {
			isa = PBXContainerItemProxy;
			containerPortal = B672A91922D42BDC0046BBFD /* Project object */;
			proxyType = 1;
			remoteGlobalIDString = B672A92022D42BDC0046BBFD;
			remoteInfo = GPUImageDemo;
		};
		B672A94522D42BE10046BBFD /* PBXContainerItemProxy */ = {
			isa = PBXContainerItemProxy;
			containerPortal = B672A91922D42BDC0046BBFD /* Project object */;
			proxyType = 1;
			remoteGlobalIDString = B672A92022D42BDC0046BBFD;
			remoteInfo = GPUImageDemo;
		};
/* End PBXContainerItemProxy section */

/* Begin PBXFileReference section */
		243EFCECEFA2B34D5B597878 /* libPods-GPUImageDemoUITests.a */ = {isa = PBXFileReference; explicitFileType = archive.ar; includeInIndex = 0; path = "libPods-GPUImageDemoUITests.a"; sourceTree = BUILT_PRODUCTS_DIR; };
		4A8A5B9FF06ADFEBD6629F5C /* Pods-GPUImageDemo.release.xcconfig */ = {isa = PBXFileReference; includeInIndex = 1; lastKnownFileType = text.xcconfig; name = "Pods-GPUImageDemo.release.xcconfig"; path = "Pods/Target Support Files/Pods-GPUImageDemo/Pods-GPUImageDemo.release.xcconfig"; sourceTree = "<group>"; };
		74E4BB2D080C885737A04108 /* libPods-GPUImageDemo.a */ = {isa = PBXFileReference; explicitFileType = archive.ar; includeInIndex = 0; path = "libPods-GPUImageDemo.a"; sourceTree = BUILT_PRODUCTS_DIR; };
		B1754A13A20B4AD815F15AC9 /* Pods-GPUImageDemoTests.release.xcconfig */ = {isa = PBXFileReference; includeInIndex = 1; lastKnownFileType = text.xcconfig; name = "Pods-GPUImageDemoTests.release.xcconfig"; path = "Pods/Target Support Files/Pods-GPUImageDemoTests/Pods-GPUImageDemoTests.release.xcconfig"; sourceTree = "<group>"; };
		B65F114022D47B32007D6A05 /* FilterListCell.h */ = {isa = PBXFileReference; lastKnownFileType = sourcecode.c.h; path = FilterListCell.h; sourceTree = "<group>"; };
		B65F114122D47B32007D6A05 /* FilterListCell.m */ = {isa = PBXFileReference; lastKnownFileType = sourcecode.c.objc; path = FilterListCell.m; sourceTree = "<group>"; };
		B65F114322D4890E007D6A05 /* FilterListItem.h */ = {isa = PBXFileReference; lastKnownFileType = sourcecode.c.h; path = FilterListItem.h; sourceTree = "<group>"; };
		B65F114422D4890E007D6A05 /* FilterListItem.m */ = {isa = PBXFileReference; lastKnownFileType = sourcecode.c.objc; path = FilterListItem.m; sourceTree = "<group>"; };
		B65F114722D48D3D007D6A05 /* ShowViewController.h */ = {isa = PBXFileReference; lastKnownFileType = sourcecode.c.h; path = ShowViewController.h; sourceTree = "<group>"; };
		B65F114822D48D3D007D6A05 /* ShowViewController.m */ = {isa = PBXFileReference; lastKnownFileType = sourcecode.c.objc; path = ShowViewController.m; sourceTree = "<group>"; };
		B672A92122D42BDC0046BBFD /* GPUImageDemo.app */ = {isa = PBXFileReference; explicitFileType = wrapper.application; includeInIndex = 0; path = GPUImageDemo.app; sourceTree = BUILT_PRODUCTS_DIR; };
		B672A92422D42BDC0046BBFD /* AppDelegate.h */ = {isa = PBXFileReference; lastKnownFileType = sourcecode.c.h; path = AppDelegate.h; sourceTree = "<group>"; };
		B672A92522D42BDC0046BBFD /* AppDelegate.m */ = {isa = PBXFileReference; lastKnownFileType = sourcecode.c.objc; path = AppDelegate.m; sourceTree = "<group>"; };
		B672A92B22D42BDC0046BBFD /* Base */ = {isa = PBXFileReference; lastKnownFileType = file.storyboard; name = Base; path = Base.lproj/Main.storyboard; sourceTree = "<group>"; };
		B672A92D22D42BE10046BBFD /* Assets.xcassets */ = {isa = PBXFileReference; lastKnownFileType = folder.assetcatalog; path = Assets.xcassets; sourceTree = "<group>"; };
		B672A93022D42BE10046BBFD /* Base */ = {isa = PBXFileReference; lastKnownFileType = file.storyboard; name = Base; path = Base.lproj/LaunchScreen.storyboard; sourceTree = "<group>"; };
		B672A93222D42BE10046BBFD /* Info.plist */ = {isa = PBXFileReference; lastKnownFileType = text.plist.xml; path = Info.plist; sourceTree = "<group>"; };
		B672A93322D42BE10046BBFD /* main.m */ = {isa = PBXFileReference; lastKnownFileType = sourcecode.c.objc; path = main.m; sourceTree = "<group>"; };
		B672A93922D42BE10046BBFD /* GPUImageDemoTests.xctest */ = {isa = PBXFileReference; explicitFileType = wrapper.cfbundle; includeInIndex = 0; path = GPUImageDemoTests.xctest; sourceTree = BUILT_PRODUCTS_DIR; };
		B672A93D22D42BE10046BBFD /* GPUImageDemoTests.m */ = {isa = PBXFileReference; lastKnownFileType = sourcecode.c.objc; path = GPUImageDemoTests.m; sourceTree = "<group>"; };
		B672A93F22D42BE10046BBFD /* Info.plist */ = {isa = PBXFileReference; lastKnownFileType = text.plist.xml; path = Info.plist; sourceTree = "<group>"; };
		B672A94422D42BE10046BBFD /* GPUImageDemoUITests.xctest */ = {isa = PBXFileReference; explicitFileType = wrapper.cfbundle; includeInIndex = 0; path = GPUImageDemoUITests.xctest; sourceTree = BUILT_PRODUCTS_DIR; };
		B672A94822D42BE10046BBFD /* GPUImageDemoUITests.m */ = {isa = PBXFileReference; lastKnownFileType = sourcecode.c.objc; path = GPUImageDemoUITests.m; sourceTree = "<group>"; };
		B672A94A22D42BE10046BBFD /* Info.plist */ = {isa = PBXFileReference; lastKnownFileType = text.plist.xml; path = Info.plist; sourceTree = "<group>"; };
		B672A95D22D436110046BBFD /* MainViewController.h */ = {isa = PBXFileReference; lastKnownFileType = sourcecode.c.h; path = MainViewController.h; sourceTree = "<group>"; };
		B672A95E22D436110046BBFD /* MainViewController.m */ = {isa = PBXFileReference; lastKnownFileType = sourcecode.c.objc; path = MainViewController.m; sourceTree = "<group>"; };
		B672A97022D468500046BBFD /* PrefixHeader.pch */ = {isa = PBXFileReference; fileEncoding = 4; lastKnownFileType = sourcecode.c.h; path = PrefixHeader.pch; sourceTree = "<group>"; };
		B672A97622D469E20046BBFD /* FilterListViewController.m */ = {isa = PBXFileReference; fileEncoding = 4; lastKnownFileType = sourcecode.c.objc; path = FilterListViewController.m; sourceTree = "<group>"; };
		B672A97922D469E20046BBFD /* FilterListViewController.h */ = {isa = PBXFileReference; fileEncoding = 4; lastKnownFileType = sourcecode.c.h; path = FilterListViewController.h; sourceTree = "<group>"; };
		B672A97E22D46DEE0046BBFD /* FetchCategoryFiltersTool.h */ = {isa = PBXFileReference; lastKnownFileType = sourcecode.c.h; path = FetchCategoryFiltersTool.h; sourceTree = "<group>"; };
		B672A97F22D46DEE0046BBFD /* FetchCategoryFiltersTool.m */ = {isa = PBXFileReference; lastKnownFileType = sourcecode.c.objc; path = FetchCategoryFiltersTool.m; sourceTree = "<group>"; };
		B68F0ADF22D5728000675239 /* ShowViewController+Private.h */ = {isa = PBXFileReference; lastKnownFileType = sourcecode.c.h; path = "ShowViewController+Private.h"; sourceTree = "<group>"; };
		B68F0AE022D572CA00675239 /* ShowViewController+UI.h */ = {isa = PBXFileReference; lastKnownFileType = sourcecode.c.h; path = "ShowViewController+UI.h"; sourceTree = "<group>"; };
		B68F0AE122D572CA00675239 /* ShowViewController+UI.m */ = {isa = PBXFileReference; lastKnownFileType = sourcecode.c.objc; path = "ShowViewController+UI.m"; sourceTree = "<group>"; };
		C62185B671E1ADE88EA7CDF9 /* Pods-GPUImageDemo.debug.xcconfig */ = {isa = PBXFileReference; includeInIndex = 1; lastKnownFileType = text.xcconfig; name = "Pods-GPUImageDemo.debug.xcconfig"; path = "Pods/Target Support Files/Pods-GPUImageDemo/Pods-GPUImageDemo.debug.xcconfig"; sourceTree = "<group>"; };
		C62AD19B6257F9470BBF35A7 /* Pods-GPUImageDemoUITests.release.xcconfig */ = {isa = PBXFileReference; includeInIndex = 1; lastKnownFileType = text.xcconfig; name = "Pods-GPUImageDemoUITests.release.xcconfig"; path = "Pods/Target Support Files/Pods-GPUImageDemoUITests/Pods-GPUImageDemoUITests.release.xcconfig"; sourceTree = "<group>"; };
		D5911DF9EB61AFB8BC37E42C /* libPods-GPUImageDemoTests.a */ = {isa = PBXFileReference; explicitFileType = archive.ar; includeInIndex = 0; path = "libPods-GPUImageDemoTests.a"; sourceTree = BUILT_PRODUCTS_DIR; };
		D7E37DB047616DDFF3C2D524 /* Pods-GPUImageDemoUITests.debug.xcconfig */ = {isa = PBXFileReference; includeInIndex = 1; lastKnownFileType = text.xcconfig; name = "Pods-GPUImageDemoUITests.debug.xcconfig"; path = "Pods/Target Support Files/Pods-GPUImageDemoUITests/Pods-GPUImageDemoUITests.debug.xcconfig"; sourceTree = "<group>"; };
		E390491EE2DB894CDEE4D1F8 /* Pods-GPUImageDemoTests.debug.xcconfig */ = {isa = PBXFileReference; includeInIndex = 1; lastKnownFileType = text.xcconfig; name = "Pods-GPUImageDemoTests.debug.xcconfig"; path = "Pods/Target Support Files/Pods-GPUImageDemoTests/Pods-GPUImageDemoTests.debug.xcconfig"; sourceTree = "<group>"; };
/* End PBXFileReference section */

/* Begin PBXFrameworksBuildPhase section */
		B672A91E22D42BDC0046BBFD /* Frameworks */ = {
			isa = PBXFrameworksBuildPhase;
			buildActionMask = 2147483647;
			files = (
				D2DBF37545DDF9CABAACDC70 /* libPods-GPUImageDemo.a in Frameworks */,
			);
			runOnlyForDeploymentPostprocessing = 0;
		};
		B672A93622D42BE10046BBFD /* Frameworks */ = {
			isa = PBXFrameworksBuildPhase;
			buildActionMask = 2147483647;
			files = (
				63F2652DFD047186F79E9B36 /* libPods-GPUImageDemoTests.a in Frameworks */,
			);
			runOnlyForDeploymentPostprocessing = 0;
		};
		B672A94122D42BE10046BBFD /* Frameworks */ = {
			isa = PBXFrameworksBuildPhase;
			buildActionMask = 2147483647;
			files = (
				A53B6955BF51F62525546667 /* libPods-GPUImageDemoUITests.a in Frameworks */,
			);
			runOnlyForDeploymentPostprocessing = 0;
		};
/* End PBXFrameworksBuildPhase section */

/* Begin PBXGroup section */
		93EE9B4B43FB028FFFFFB3E7 /* Pods */ = {
			isa = PBXGroup;
			children = (
				C62185B671E1ADE88EA7CDF9 /* Pods-GPUImageDemo.debug.xcconfig */,
				4A8A5B9FF06ADFEBD6629F5C /* Pods-GPUImageDemo.release.xcconfig */,
				E390491EE2DB894CDEE4D1F8 /* Pods-GPUImageDemoTests.debug.xcconfig */,
				B1754A13A20B4AD815F15AC9 /* Pods-GPUImageDemoTests.release.xcconfig */,
				D7E37DB047616DDFF3C2D524 /* Pods-GPUImageDemoUITests.debug.xcconfig */,
				C62AD19B6257F9470BBF35A7 /* Pods-GPUImageDemoUITests.release.xcconfig */,
			);
			name = Pods;
			sourceTree = "<group>";
		};
		AA7B72EFE342CE9736BA08B6 /* Frameworks */ = {
			isa = PBXGroup;
			children = (
				74E4BB2D080C885737A04108 /* libPods-GPUImageDemo.a */,
				D5911DF9EB61AFB8BC37E42C /* libPods-GPUImageDemoTests.a */,
				243EFCECEFA2B34D5B597878 /* libPods-GPUImageDemoUITests.a */,
			);
			name = Frameworks;
			sourceTree = "<group>";
		};
		B672A91822D42BDB0046BBFD = {
			isa = PBXGroup;
			children = (
				B672A92322D42BDC0046BBFD /* GPUImageDemo */,
				B672A93C22D42BE10046BBFD /* GPUImageDemoTests */,
				B672A94722D42BE10046BBFD /* GPUImageDemoUITests */,
				B672A92222D42BDC0046BBFD /* Products */,
				93EE9B4B43FB028FFFFFB3E7 /* Pods */,
				AA7B72EFE342CE9736BA08B6 /* Frameworks */,
			);
			sourceTree = "<group>";
		};
		B672A92222D42BDC0046BBFD /* Products */ = {
			isa = PBXGroup;
			children = (
				B672A92122D42BDC0046BBFD /* GPUImageDemo.app */,
				B672A93922D42BE10046BBFD /* GPUImageDemoTests.xctest */,
				B672A94422D42BE10046BBFD /* GPUImageDemoUITests.xctest */,
			);
			name = Products;
			sourceTree = "<group>";
		};
		B672A92322D42BDC0046BBFD /* GPUImageDemo */ = {
			isa = PBXGroup;
			children = (
				B672A95622D4343C0046BBFD /* Class */,
				B672A92422D42BDC0046BBFD /* AppDelegate.h */,
				B672A92522D42BDC0046BBFD /* AppDelegate.m */,
				B672A92A22D42BDC0046BBFD /* Main.storyboard */,
				B672A92D22D42BE10046BBFD /* Assets.xcassets */,
				B672A92F22D42BE10046BBFD /* LaunchScreen.storyboard */,
				B672A93222D42BE10046BBFD /* Info.plist */,
				B672A93322D42BE10046BBFD /* main.m */,
				B672A97022D468500046BBFD /* PrefixHeader.pch */,
			);
			path = GPUImageDemo;
			sourceTree = "<group>";
		};
		B672A93C22D42BE10046BBFD /* GPUImageDemoTests */ = {
			isa = PBXGroup;
			children = (
				B672A93D22D42BE10046BBFD /* GPUImageDemoTests.m */,
				B672A93F22D42BE10046BBFD /* Info.plist */,
			);
			path = GPUImageDemoTests;
			sourceTree = "<group>";
		};
		B672A94722D42BE10046BBFD /* GPUImageDemoUITests */ = {
			isa = PBXGroup;
			children = (
				B672A94822D42BE10046BBFD /* GPUImageDemoUITests.m */,
				B672A94A22D42BE10046BBFD /* Info.plist */,
			);
			path = GPUImageDemoUITests;
			sourceTree = "<group>";
		};
		B672A95622D4343C0046BBFD /* Class */ = {
			isa = PBXGroup;
			children = (
				B672A95722D4343C0046BBFD /* Controller */,
				B672A95822D4343C0046BBFD /* Filter */,
				B672A95922D4343C0046BBFD /* Model */,
				B672A95A22D4343C0046BBFD /* Shader */,
				B672A95B22D4343C0046BBFD /* Tool */,
				B672A95C22D4343D0046BBFD /* View */,
			);
			path = Class;
			sourceTree = "<group>";
		};
		B672A95722D4343C0046BBFD /* Controller */ = {
			isa = PBXGroup;
			children = (
				B672A95D22D436110046BBFD /* MainViewController.h */,
				B672A95E22D436110046BBFD /* MainViewController.m */,
				B672A97922D469E20046BBFD /* FilterListViewController.h */,
				B672A97622D469E20046BBFD /* FilterListViewController.m */,
				B65F114722D48D3D007D6A05 /* ShowViewController.h */,
				B65F114822D48D3D007D6A05 /* ShowViewController.m */,
				B68F0ADF22D5728000675239 /* ShowViewController+Private.h */,
				B68F0AE022D572CA00675239 /* ShowViewController+UI.h */,
				B68F0AE122D572CA00675239 /* ShowViewController+UI.m */,
			);
			path = Controller;
			sourceTree = "<group>";
		};
		B672A95822D4343C0046BBFD /* Filter */ = {
			isa = PBXGroup;
			children = (
			);
			path = Filter;
			sourceTree = "<group>";
		};
		B672A95922D4343C0046BBFD /* Model */ = {
			isa = PBXGroup;
			children = (
				B65F114322D4890E007D6A05 /* FilterListItem.h */,
				B65F114422D4890E007D6A05 /* FilterListItem.m */,
			);
			path = Model;
			sourceTree = "<group>";
		};
		B672A95A22D4343C0046BBFD /* Shader */ = {
			isa = PBXGroup;
			children = (
			);
			path = Shader;
			sourceTree = "<group>";
		};
		B672A95B22D4343C0046BBFD /* Tool */ = {
			isa = PBXGroup;
			children = (
				B672A97E22D46DEE0046BBFD /* FetchCategoryFiltersTool.h */,
				B672A97F22D46DEE0046BBFD /* FetchCategoryFiltersTool.m */,
			);
			path = Tool;
			sourceTree = "<group>";
		};
		B672A95C22D4343D0046BBFD /* View */ = {
			isa = PBXGroup;
			children = (
				B65F114022D47B32007D6A05 /* FilterListCell.h */,
				B65F114122D47B32007D6A05 /* FilterListCell.m */,
			);
			path = View;
			sourceTree = "<group>";
		};
/* End PBXGroup section */

/* Begin PBXNativeTarget section */
		B672A92022D42BDC0046BBFD /* GPUImageDemo */ = {
			isa = PBXNativeTarget;
			buildConfigurationList = B672A94D22D42BE10046BBFD /* Build configuration list for PBXNativeTarget "GPUImageDemo" */;
			buildPhases = (
				9D1002E2B99618A732797244 /* [CP] Check Pods Manifest.lock */,
				B672A91D22D42BDC0046BBFD /* Sources */,
				B672A91E22D42BDC0046BBFD /* Frameworks */,
				B672A91F22D42BDC0046BBFD /* Resources */,
				3330E6649D8B844DFBF57B7A /* [CP] Copy Pods Resources */,
			);
			buildRules = (
			);
			dependencies = (
			);
			name = GPUImageDemo;
			productName = GPUImageDemo;
			productReference = B672A92122D42BDC0046BBFD /* GPUImageDemo.app */;
			productType = "com.apple.product-type.application";
		};
		B672A93822D42BE10046BBFD /* GPUImageDemoTests */ = {
			isa = PBXNativeTarget;
			buildConfigurationList = B672A95022D42BE10046BBFD /* Build configuration list for PBXNativeTarget "GPUImageDemoTests" */;
			buildPhases = (
				48F120BD5FEE8BB414515307 /* [CP] Check Pods Manifest.lock */,
				B672A93522D42BE10046BBFD /* Sources */,
				B672A93622D42BE10046BBFD /* Frameworks */,
				B672A93722D42BE10046BBFD /* Resources */,
			);
			buildRules = (
			);
			dependencies = (
				B672A93B22D42BE10046BBFD /* PBXTargetDependency */,
			);
			name = GPUImageDemoTests;
			productName = GPUImageDemoTests;
			productReference = B672A93922D42BE10046BBFD /* GPUImageDemoTests.xctest */;
			productType = "com.apple.product-type.bundle.unit-test";
		};
		B672A94322D42BE10046BBFD /* GPUImageDemoUITests */ = {
			isa = PBXNativeTarget;
			buildConfigurationList = B672A95322D42BE10046BBFD /* Build configuration list for PBXNativeTarget "GPUImageDemoUITests" */;
			buildPhases = (
				FB293D943C98DBD18FF05E2C /* [CP] Check Pods Manifest.lock */,
				B672A94022D42BE10046BBFD /* Sources */,
				B672A94122D42BE10046BBFD /* Frameworks */,
				B672A94222D42BE10046BBFD /* Resources */,
			);
			buildRules = (
			);
			dependencies = (
				B672A94622D42BE10046BBFD /* PBXTargetDependency */,
			);
			name = GPUImageDemoUITests;
			productName = GPUImageDemoUITests;
			productReference = B672A94422D42BE10046BBFD /* GPUImageDemoUITests.xctest */;
			productType = "com.apple.product-type.bundle.ui-testing";
		};
/* End PBXNativeTarget section */

/* Begin PBXProject section */
		B672A91922D42BDC0046BBFD /* Project object */ = {
			isa = PBXProject;
			attributes = {
				LastUpgradeCheck = 1010;
				ORGANIZATIONNAME = iOS_Developer;
				TargetAttributes = {
					B672A92022D42BDC0046BBFD = {
						CreatedOnToolsVersion = 10.1;
					};
					B672A93822D42BE10046BBFD = {
						CreatedOnToolsVersion = 10.1;
						TestTargetID = B672A92022D42BDC0046BBFD;
					};
					B672A94322D42BE10046BBFD = {
						CreatedOnToolsVersion = 10.1;
						TestTargetID = B672A92022D42BDC0046BBFD;
					};
				};
			};
			buildConfigurationList = B672A91C22D42BDC0046BBFD /* Build configuration list for PBXProject "GPUImageDemo" */;
			compatibilityVersion = "Xcode 9.3";
			developmentRegion = en;
			hasScannedForEncodings = 0;
			knownRegions = (
				en,
				Base,
			);
			mainGroup = B672A91822D42BDB0046BBFD;
			productRefGroup = B672A92222D42BDC0046BBFD /* Products */;
			projectDirPath = "";
			projectRoot = "";
			targets = (
				B672A92022D42BDC0046BBFD /* GPUImageDemo */,
				B672A93822D42BE10046BBFD /* GPUImageDemoTests */,
				B672A94322D42BE10046BBFD /* GPUImageDemoUITests */,
			);
		};
/* End PBXProject section */

/* Begin PBXResourcesBuildPhase section */
		B672A91F22D42BDC0046BBFD /* Resources */ = {
			isa = PBXResourcesBuildPhase;
			buildActionMask = 2147483647;
			files = (
				B672A93122D42BE10046BBFD /* LaunchScreen.storyboard in Resources */,
				B672A92E22D42BE10046BBFD /* Assets.xcassets in Resources */,
				B672A92C22D42BDC0046BBFD /* Main.storyboard in Resources */,
			);
			runOnlyForDeploymentPostprocessing = 0;
		};
		B672A93722D42BE10046BBFD /* Resources */ = {
			isa = PBXResourcesBuildPhase;
			buildActionMask = 2147483647;
			files = (
			);
			runOnlyForDeploymentPostprocessing = 0;
		};
		B672A94222D42BE10046BBFD /* Resources */ = {
			isa = PBXResourcesBuildPhase;
			buildActionMask = 2147483647;
			files = (
			);
			runOnlyForDeploymentPostprocessing = 0;
		};
/* End PBXResourcesBuildPhase section */

/* Begin PBXShellScriptBuildPhase section */
		3330E6649D8B844DFBF57B7A /* [CP] Copy Pods Resources */ = {
			isa = PBXShellScriptBuildPhase;
			buildActionMask = 2147483647;
			files = (
			);
			inputFileListPaths = (
			);
			inputPaths = (
				"${SRCROOT}/Pods/Target Support Files/Pods-GPUImageDemo/Pods-GPUImageDemo-resources.sh",
				"${PODS_ROOT}/GPUImage/framework/Resources/lookup.png",
				"${PODS_ROOT}/GPUImage/framework/Resources/lookup_amatorka.png",
				"${PODS_ROOT}/GPUImage/framework/Resources/lookup_miss_etikate.png",
				"${PODS_ROOT}/GPUImage/framework/Resources/lookup_soft_elegance_1.png",
				"${PODS_ROOT}/GPUImage/framework/Resources/lookup_soft_elegance_2.png",
			);
			name = "[CP] Copy Pods Resources";
			outputFileListPaths = (
			);
			outputPaths = (
				"${TARGET_BUILD_DIR}/${UNLOCALIZED_RESOURCES_FOLDER_PATH}/lookup.png",
				"${TARGET_BUILD_DIR}/${UNLOCALIZED_RESOURCES_FOLDER_PATH}/lookup_amatorka.png",
				"${TARGET_BUILD_DIR}/${UNLOCALIZED_RESOURCES_FOLDER_PATH}/lookup_miss_etikate.png",
				"${TARGET_BUILD_DIR}/${UNLOCALIZED_RESOURCES_FOLDER_PATH}/lookup_soft_elegance_1.png",
				"${TARGET_BUILD_DIR}/${UNLOCALIZED_RESOURCES_FOLDER_PATH}/lookup_soft_elegance_2.png",
			);
			runOnlyForDeploymentPostprocessing = 0;
			shellPath = /bin/sh;
			shellScript = "\"${SRCROOT}/Pods/Target Support Files/Pods-GPUImageDemo/Pods-GPUImageDemo-resources.sh\"\n";
			showEnvVarsInLog = 0;
		};
		48F120BD5FEE8BB414515307 /* [CP] Check Pods Manifest.lock */ = {
			isa = PBXShellScriptBuildPhase;
			buildActionMask = 2147483647;
			files = (
			);
			inputFileListPaths = (
			);
			inputPaths = (
				"${PODS_PODFILE_DIR_PATH}/Podfile.lock",
				"${PODS_ROOT}/Manifest.lock",
			);
			name = "[CP] Check Pods Manifest.lock";
			outputFileListPaths = (
			);
			outputPaths = (
				"$(DERIVED_FILE_DIR)/Pods-GPUImageDemoTests-checkManifestLockResult.txt",
			);
			runOnlyForDeploymentPostprocessing = 0;
			shellPath = /bin/sh;
			shellScript = "diff \"${PODS_PODFILE_DIR_PATH}/Podfile.lock\" \"${PODS_ROOT}/Manifest.lock\" > /dev/null\nif [ $? != 0 ] ; then\n    # print error to STDERR\n    echo \"error: The sandbox is not in sync with the Podfile.lock. Run 'pod install' or update your CocoaPods installation.\" >&2\n    exit 1\nfi\n# This output is used by Xcode 'outputs' to avoid re-running this script phase.\necho \"SUCCESS\" > \"${SCRIPT_OUTPUT_FILE_0}\"\n";
			showEnvVarsInLog = 0;
		};
		9D1002E2B99618A732797244 /* [CP] Check Pods Manifest.lock */ = {
			isa = PBXShellScriptBuildPhase;
			buildActionMask = 2147483647;
			files = (
			);
			inputFileListPaths = (
			);
			inputPaths = (
				"${PODS_PODFILE_DIR_PATH}/Podfile.lock",
				"${PODS_ROOT}/Manifest.lock",
			);
			name = "[CP] Check Pods Manifest.lock";
			outputFileListPaths = (
			);
			outputPaths = (
				"$(DERIVED_FILE_DIR)/Pods-GPUImageDemo-checkManifestLockResult.txt",
			);
			runOnlyForDeploymentPostprocessing = 0;
			shellPath = /bin/sh;
			shellScript = "diff \"${PODS_PODFILE_DIR_PATH}/Podfile.lock\" \"${PODS_ROOT}/Manifest.lock\" > /dev/null\nif [ $? != 0 ] ; then\n    # print error to STDERR\n    echo \"error: The sandbox is not in sync with the Podfile.lock. Run 'pod install' or update your CocoaPods installation.\" >&2\n    exit 1\nfi\n# This output is used by Xcode 'outputs' to avoid re-running this script phase.\necho \"SUCCESS\" > \"${SCRIPT_OUTPUT_FILE_0}\"\n";
			showEnvVarsInLog = 0;
		};
		FB293D943C98DBD18FF05E2C /* [CP] Check Pods Manifest.lock */ = {
			isa = PBXShellScriptBuildPhase;
			buildActionMask = 2147483647;
			files = (
			);
			inputFileListPaths = (
			);
			inputPaths = (
				"${PODS_PODFILE_DIR_PATH}/Podfile.lock",
				"${PODS_ROOT}/Manifest.lock",
			);
			name = "[CP] Check Pods Manifest.lock";
			outputFileListPaths = (
			);
			outputPaths = (
				"$(DERIVED_FILE_DIR)/Pods-GPUImageDemoUITests-checkManifestLockResult.txt",
			);
			runOnlyForDeploymentPostprocessing = 0;
			shellPath = /bin/sh;
			shellScript = "diff \"${PODS_PODFILE_DIR_PATH}/Podfile.lock\" \"${PODS_ROOT}/Manifest.lock\" > /dev/null\nif [ $? != 0 ] ; then\n    # print error to STDERR\n    echo \"error: The sandbox is not in sync with the Podfile.lock. Run 'pod install' or update your CocoaPods installation.\" >&2\n    exit 1\nfi\n# This output is used by Xcode 'outputs' to avoid re-running this script phase.\necho \"SUCCESS\" > \"${SCRIPT_OUTPUT_FILE_0}\"\n";
			showEnvVarsInLog = 0;
		};
/* End PBXShellScriptBuildPhase section */

/* Begin PBXSourcesBuildPhase section */
		B672A91D22D42BDC0046BBFD /* Sources */ = {
			isa = PBXSourcesBuildPhase;
			buildActionMask = 2147483647;
			files = (
				B672A93422D42BE10046BBFD /* main.m in Sources */,
				B672A95F22D436110046BBFD /* MainViewController.m in Sources */,
				B68F0AE222D572CA00675239 /* ShowViewController+UI.m in Sources */,
				B672A98022D46DEE0046BBFD /* FetchCategoryFiltersTool.m in Sources */,
				B65F114522D4890E007D6A05 /* FilterListItem.m in Sources */,
				B672A92622D42BDC0046BBFD /* AppDelegate.m in Sources */,
				B672A97B22D469E20046BBFD /* FilterListViewController.m in Sources */,
				B65F114222D47B32007D6A05 /* FilterListCell.m in Sources */,
				B65F114922D48D3D007D6A05 /* ShowViewController.m in Sources */,
			);
			runOnlyForDeploymentPostprocessing = 0;
		};
		B672A93522D42BE10046BBFD /* Sources */ = {
			isa = PBXSourcesBuildPhase;
			buildActionMask = 2147483647;
			files = (
				B672A93E22D42BE10046BBFD /* GPUImageDemoTests.m in Sources */,
			);
			runOnlyForDeploymentPostprocessing = 0;
		};
		B672A94022D42BE10046BBFD /* Sources */ = {
			isa = PBXSourcesBuildPhase;
			buildActionMask = 2147483647;
			files = (
				B672A94922D42BE10046BBFD /* GPUImageDemoUITests.m in Sources */,
			);
			runOnlyForDeploymentPostprocessing = 0;
		};
/* End PBXSourcesBuildPhase section */

/* Begin PBXTargetDependency section */
		B672A93B22D42BE10046BBFD /* PBXTargetDependency */ = {
			isa = PBXTargetDependency;
			target = B672A92022D42BDC0046BBFD /* GPUImageDemo */;
			targetProxy = B672A93A22D42BE10046BBFD /* PBXContainerItemProxy */;
		};
		B672A94622D42BE10046BBFD /* PBXTargetDependency */ = {
			isa = PBXTargetDependency;
			target = B672A92022D42BDC0046BBFD /* GPUImageDemo */;
			targetProxy = B672A94522D42BE10046BBFD /* PBXContainerItemProxy */;
		};
/* End PBXTargetDependency section */

/* Begin PBXVariantGroup section */
		B672A92A22D42BDC0046BBFD /* Main.storyboard */ = {
			isa = PBXVariantGroup;
			children = (
				B672A92B22D42BDC0046BBFD /* Base */,
			);
			name = Main.storyboard;
			sourceTree = "<group>";
		};
		B672A92F22D42BE10046BBFD /* LaunchScreen.storyboard */ = {
			isa = PBXVariantGroup;
			children = (
				B672A93022D42BE10046BBFD /* Base */,
			);
			name = LaunchScreen.storyboard;
			sourceTree = "<group>";
		};
/* End PBXVariantGroup section */

/* Begin XCBuildConfiguration section */
		B672A94B22D42BE10046BBFD /* Debug */ = {
			isa = XCBuildConfiguration;
			buildSettings = {
				ALWAYS_SEARCH_USER_PATHS = NO;
				CLANG_ANALYZER_NONNULL = YES;
				CLANG_ANALYZER_NUMBER_OBJECT_CONVERSION = YES_AGGRESSIVE;
				CLANG_CXX_LANGUAGE_STANDARD = "gnu++14";
				CLANG_CXX_LIBRARY = "libc++";
				CLANG_ENABLE_MODULES = YES;
				CLANG_ENABLE_OBJC_ARC = YES;
				CLANG_ENABLE_OBJC_WEAK = YES;
				CLANG_WARN_BLOCK_CAPTURE_AUTORELEASING = YES;
				CLANG_WARN_BOOL_CONVERSION = YES;
				CLANG_WARN_COMMA = YES;
				CLANG_WARN_CONSTANT_CONVERSION = YES;
				CLANG_WARN_DEPRECATED_OBJC_IMPLEMENTATIONS = YES;
				CLANG_WARN_DIRECT_OBJC_ISA_USAGE = YES_ERROR;
				CLANG_WARN_DOCUMENTATION_COMMENTS = YES;
				CLANG_WARN_EMPTY_BODY = YES;
				CLANG_WARN_ENUM_CONVERSION = YES;
				CLANG_WARN_INFINITE_RECURSION = YES;
				CLANG_WARN_INT_CONVERSION = YES;
				CLANG_WARN_NON_LITERAL_NULL_CONVERSION = YES;
				CLANG_WARN_OBJC_IMPLICIT_RETAIN_SELF = YES;
				CLANG_WARN_OBJC_LITERAL_CONVERSION = YES;
				CLANG_WARN_OBJC_ROOT_CLASS = YES_ERROR;
				CLANG_WARN_RANGE_LOOP_ANALYSIS = YES;
				CLANG_WARN_STRICT_PROTOTYPES = YES;
				CLANG_WARN_SUSPICIOUS_MOVE = YES;
				CLANG_WARN_UNGUARDED_AVAILABILITY = YES_AGGRESSIVE;
				CLANG_WARN_UNREACHABLE_CODE = YES;
				CLANG_WARN__DUPLICATE_METHOD_MATCH = YES;
				CODE_SIGN_IDENTITY = "iPhone Developer";
				COPY_PHASE_STRIP = NO;
				DEBUG_INFORMATION_FORMAT = dwarf;
				ENABLE_STRICT_OBJC_MSGSEND = YES;
				ENABLE_TESTABILITY = YES;
				GCC_C_LANGUAGE_STANDARD = gnu11;
				GCC_DYNAMIC_NO_PIC = NO;
				GCC_NO_COMMON_BLOCKS = YES;
				GCC_OPTIMIZATION_LEVEL = 0;
				GCC_PREPROCESSOR_DEFINITIONS = (
					"DEBUG=1",
					"$(inherited)",
				);
				GCC_WARN_64_TO_32_BIT_CONVERSION = YES;
				GCC_WARN_ABOUT_RETURN_TYPE = YES_ERROR;
				GCC_WARN_UNDECLARED_SELECTOR = YES;
				GCC_WARN_UNINITIALIZED_AUTOS = YES_AGGRESSIVE;
				GCC_WARN_UNUSED_FUNCTION = YES;
				GCC_WARN_UNUSED_VARIABLE = YES;
				IPHONEOS_DEPLOYMENT_TARGET = 11.0;
				MTL_ENABLE_DEBUG_INFO = INCLUDE_SOURCE;
				MTL_FAST_MATH = YES;
				ONLY_ACTIVE_ARCH = YES;
				SDKROOT = iphoneos;
			};
			name = Debug;
		};
		B672A94C22D42BE10046BBFD /* Release */ = {
			isa = XCBuildConfiguration;
			buildSettings = {
				ALWAYS_SEARCH_USER_PATHS = NO;
				CLANG_ANALYZER_NONNULL = YES;
				CLANG_ANALYZER_NUMBER_OBJECT_CONVERSION = YES_AGGRESSIVE;
				CLANG_CXX_LANGUAGE_STANDARD = "gnu++14";
				CLANG_CXX_LIBRARY = "libc++";
				CLANG_ENABLE_MODULES = YES;
				CLANG_ENABLE_OBJC_ARC = YES;
				CLANG_ENABLE_OBJC_WEAK = YES;
				CLANG_WARN_BLOCK_CAPTURE_AUTORELEASING = YES;
				CLANG_WARN_BOOL_CONVERSION = YES;
				CLANG_WARN_COMMA = YES;
				CLANG_WARN_CONSTANT_CONVERSION = YES;
				CLANG_WARN_DEPRECATED_OBJC_IMPLEMENTATIONS = YES;
				CLANG_WARN_DIRECT_OBJC_ISA_USAGE = YES_ERROR;
				CLANG_WARN_DOCUMENTATION_COMMENTS = YES;
				CLANG_WARN_EMPTY_BODY = YES;
				CLANG_WARN_ENUM_CONVERSION = YES;
				CLANG_WARN_INFINITE_RECURSION = YES;
				CLANG_WARN_INT_CONVERSION = YES;
				CLANG_WARN_NON_LITERAL_NULL_CONVERSION = YES;
				CLANG_WARN_OBJC_IMPLICIT_RETAIN_SELF = YES;
				CLANG_WARN_OBJC_LITERAL_CONVERSION = YES;
				CLANG_WARN_OBJC_ROOT_CLASS = YES_ERROR;
				CLANG_WARN_RANGE_LOOP_ANALYSIS = YES;
				CLANG_WARN_STRICT_PROTOTYPES = YES;
				CLANG_WARN_SUSPICIOUS_MOVE = YES;
				CLANG_WARN_UNGUARDED_AVAILABILITY = YES_AGGRESSIVE;
				CLANG_WARN_UNREACHABLE_CODE = YES;
				CLANG_WARN__DUPLICATE_METHOD_MATCH = YES;
				CODE_SIGN_IDENTITY = "iPhone Developer";
				COPY_PHASE_STRIP = NO;
				DEBUG_INFORMATION_FORMAT = "dwarf-with-dsym";
				ENABLE_NS_ASSERTIONS = NO;
				ENABLE_STRICT_OBJC_MSGSEND = YES;
				GCC_C_LANGUAGE_STANDARD = gnu11;
				GCC_NO_COMMON_BLOCKS = YES;
				GCC_WARN_64_TO_32_BIT_CONVERSION = YES;
				GCC_WARN_ABOUT_RETURN_TYPE = YES_ERROR;
				GCC_WARN_UNDECLARED_SELECTOR = YES;
				GCC_WARN_UNINITIALIZED_AUTOS = YES_AGGRESSIVE;
				GCC_WARN_UNUSED_FUNCTION = YES;
				GCC_WARN_UNUSED_VARIABLE = YES;
				IPHONEOS_DEPLOYMENT_TARGET = 11.0;
				MTL_ENABLE_DEBUG_INFO = NO;
				MTL_FAST_MATH = YES;
				SDKROOT = iphoneos;
				VALIDATE_PRODUCT = YES;
			};
			name = Release;
		};
		B672A94E22D42BE10046BBFD /* Debug */ = {
			isa = XCBuildConfiguration;
			baseConfigurationReference = C62185B671E1ADE88EA7CDF9 /* Pods-GPUImageDemo.debug.xcconfig */;
			buildSettings = {
				ASSETCATALOG_COMPILER_APPICON_NAME = AppIcon;
				CODE_SIGN_STYLE = Manual;
				DEVELOPMENT_TEAM = 356XMYTC6D;
				GCC_PREFIX_HEADER = "$(PRODUCT_NAME)/PrefixHeader.pch";
				INFOPLIST_FILE = GPUImageDemo/Info.plist;
				LD_RUNPATH_SEARCH_PATHS = (
					"$(inherited)",
					"@executable_path/Frameworks",
				);
				PRODUCT_BUNDLE_IDENTIFIER = com.waterelle.GPUImageDemo;
				PRODUCT_NAME = "$(TARGET_NAME)";
				PROVISIONING_PROFILE_SPECIFIER = Wildcard_Development;
				TARGETED_DEVICE_FAMILY = "1,2";
			};
			name = Debug;
		};
		B672A94F22D42BE10046BBFD /* Release */ = {
			isa = XCBuildConfiguration;
			baseConfigurationReference = 4A8A5B9FF06ADFEBD6629F5C /* Pods-GPUImageDemo.release.xcconfig */;
			buildSettings = {
				ASSETCATALOG_COMPILER_APPICON_NAME = AppIcon;
				CODE_SIGN_STYLE = Manual;
				DEVELOPMENT_TEAM = "";
				GCC_PREFIX_HEADER = "$(PRODUCT_NAME)/PrefixHeader.pch";
				INFOPLIST_FILE = GPUImageDemo/Info.plist;
				LD_RUNPATH_SEARCH_PATHS = (
					"$(inherited)",
					"@executable_path/Frameworks",
				);
				PRODUCT_BUNDLE_IDENTIFIER = com.waterelle.GPUImageDemo;
				PRODUCT_NAME = "$(TARGET_NAME)";
				PROVISIONING_PROFILE_SPECIFIER = "";
				TARGETED_DEVICE_FAMILY = "1,2";
			};
			name = Release;
		};
		B672A95122D42BE10046BBFD /* Debug */ = {
			isa = XCBuildConfiguration;
			baseConfigurationReference = E390491EE2DB894CDEE4D1F8 /* Pods-GPUImageDemoTests.debug.xcconfig */;
			buildSettings = {
				BUNDLE_LOADER = "$(TEST_HOST)";
				CODE_SIGN_STYLE = Automatic;
				DEVELOPMENT_TEAM = P44W2F9TYD;
				INFOPLIST_FILE = GPUImageDemoTests/Info.plist;
				LD_RUNPATH_SEARCH_PATHS = (
					"$(inherited)",
					"@executable_path/Frameworks",
					"@loader_path/Frameworks",
				);
				PRODUCT_BUNDLE_IDENTIFIER = com.waterelle.GPUImageDemoTests;
				PRODUCT_NAME = "$(TARGET_NAME)";
				TARGETED_DEVICE_FAMILY = "1,2";
				TEST_HOST = "$(BUILT_PRODUCTS_DIR)/GPUImageDemo.app/GPUImageDemo";
			};
			name = Debug;
		};
		B672A95222D42BE10046BBFD /* Release */ = {
			isa = XCBuildConfiguration;
			baseConfigurationReference = B1754A13A20B4AD815F15AC9 /* Pods-GPUImageDemoTests.release.xcconfig */;
			buildSettings = {
				BUNDLE_LOADER = "$(TEST_HOST)";
				CODE_SIGN_STYLE = Automatic;
				DEVELOPMENT_TEAM = P44W2F9TYD;
				INFOPLIST_FILE = GPUImageDemoTests/Info.plist;
				LD_RUNPATH_SEARCH_PATHS = (
					"$(inherited)",
					"@executable_path/Frameworks",
					"@loader_path/Frameworks",
				);
				PRODUCT_BUNDLE_IDENTIFIER = com.waterelle.GPUImageDemoTests;
				PRODUCT_NAME = "$(TARGET_NAME)";
				TARGETED_DEVICE_FAMILY = "1,2";
				TEST_HOST = "$(BUILT_PRODUCTS_DIR)/GPUImageDemo.app/GPUImageDemo";
			};
			name = Release;
		};
		B672A95422D42BE10046BBFD /* Debug */ = {
			isa = XCBuildConfiguration;
			baseConfigurationReference = D7E37DB047616DDFF3C2D524 /* Pods-GPUImageDemoUITests.debug.xcconfig */;
			buildSettings = {
				CODE_SIGN_STYLE = Automatic;
				DEVELOPMENT_TEAM = P44W2F9TYD;
				INFOPLIST_FILE = GPUImageDemoUITests/Info.plist;
				LD_RUNPATH_SEARCH_PATHS = (
					"$(inherited)",
					"@executable_path/Frameworks",
					"@loader_path/Frameworks",
				);
				PRODUCT_BUNDLE_IDENTIFIER = com.waterelle.GPUImageDemoUITests;
				PRODUCT_NAME = "$(TARGET_NAME)";
				TARGETED_DEVICE_FAMILY = "1,2";
				TEST_TARGET_NAME = GPUImageDemo;
			};
			name = Debug;
		};
		B672A95522D42BE10046BBFD /* Release */ = {
			isa = XCBuildConfiguration;
			baseConfigurationReference = C62AD19B6257F9470BBF35A7 /* Pods-GPUImageDemoUITests.release.xcconfig */;
			buildSettings = {
				CODE_SIGN_STYLE = Automatic;
				DEVELOPMENT_TEAM = P44W2F9TYD;
				INFOPLIST_FILE = GPUImageDemoUITests/Info.plist;
				LD_RUNPATH_SEARCH_PATHS = (
					"$(inherited)",
					"@executable_path/Frameworks",
					"@loader_path/Frameworks",
				);
				PRODUCT_BUNDLE_IDENTIFIER = com.waterelle.GPUImageDemoUITests;
				PRODUCT_NAME = "$(TARGET_NAME)";
				TARGETED_DEVICE_FAMILY = "1,2";
				TEST_TARGET_NAME = GPUImageDemo;
			};
			name = Release;
		};
/* End XCBuildConfiguration section */

/* Begin XCConfigurationList section */
		B672A91C22D42BDC0046BBFD /* Build configuration list for PBXProject "GPUImageDemo" */ = {
			isa = XCConfigurationList;
			buildConfigurations = (
				B672A94B22D42BE10046BBFD /* Debug */,
				B672A94C22D42BE10046BBFD /* Release */,
			);
			defaultConfigurationIsVisible = 0;
			defaultConfigurationName = Release;
		};
		B672A94D22D42BE10046BBFD /* Build configuration list for PBXNativeTarget "GPUImageDemo" */ = {
			isa = XCConfigurationList;
			buildConfigurations = (
				B672A94E22D42BE10046BBFD /* Debug */,
				B672A94F22D42BE10046BBFD /* Release */,
			);
			defaultConfigurationIsVisible = 0;
			defaultConfigurationName = Release;
		};
		B672A95022D42BE10046BBFD /* Build configuration list for PBXNativeTarget "GPUImageDemoTests" */ = {
			isa = XCConfigurationList;
			buildConfigurations = (
				B672A95122D42BE10046BBFD /* Debug */,
				B672A95222D42BE10046BBFD /* Release */,
			);
			defaultConfigurationIsVisible = 0;
			defaultConfigurationName = Release;
		};
		B672A95322D42BE10046BBFD /* Build configuration list for PBXNativeTarget "GPUImageDemoUITests" */ = {
			isa = XCConfigurationList;
			buildConfigurations = (
				B672A95422D42BE10046BBFD /* Debug */,
				B672A95522D42BE10046BBFD /* Release */,
			);
			defaultConfigurationIsVisible = 0;
			defaultConfigurationName = Release;
		};
/* End XCConfigurationList section */
	};
	rootObject = B672A91922D42BDC0046BBFD /* Project object */;
}
